PODS:
  - ConvenientFileManager (2.0.1)
  - CoreDataServices (1.1.5)
  - PureLayout (3.0.1)

DEPENDENCIES:
  - ConvenientFileManager
  - CoreDataServices
  - PureLayout

SPEC CHECKSUMS:
  ConvenientFileManager: 718b9b8426f5ab95c68af809171b005c3a3f9f81
  CoreDataServices: 9f4a86f6f116165a217206f1db624f1742b8702b
  PureLayout: f35f5384c9c4e4479df041dbe33ad7577b71ddfb

COCOAPODS: 0.39.0
