PODS:
  - ConvenientFileManager (2.0.6)
  - CoreDataServices (2.0.6):
    - ConvenientFileManager (~> 2.0)
  - PureLayout (3.0.1)

DEPENDENCIES:
  - ConvenientFileManager
  - CoreDataServices
  - PureLayout

SPEC CHECKSUMS:
  ConvenientFileManager: bd2172c033eda4995c32bd668bd7edead5c80ae5
  CoreDataServices: 2e5547400800d78218975abc8c094e69d6726b4f
  PureLayout: f35f5384c9c4e4479df041dbe33ad7577b71ddfb

PODFILE CHECKSUM: 83c2808215f7fb14b7df048373595800184d3b4f

COCOAPODS: 1.0.1
