// !$*UTF8*$!
{
	archiveVersion = 1;
	classes = {
	};
	objectVersion = 46;
	objects = {

/* Begin PBXBuildFile section */
		437A772D1C4285BF00AD92C1 /* NSFileManager+CFMCache.m in Sources */ = {isa = PBXBuildFile; fileRef = 437A77261C4285BF00AD92C1 /* NSFileManager+CFMCache.m */; };
		437A772E1C4285BF00AD92C1 /* NSFileManager+CFMDocuments.m in Sources */ = {isa = PBXBuildFile; fileRef = 437A77291C4285BF00AD92C1 /* NSFileManager+CFMDocuments.m */; };
		F46BE1DE1C81B54A003004A6 /* NSFileManager+CFMCache.m in Sources */ = {isa = PBXBuildFile; fileRef = 437A77261C4285BF00AD92C1 /* NSFileManager+CFMCache.m */; };
		F46BE1DF1C81B7AA003004A6 /* NSFileManager+CFMDocuments.m in Sources */ = {isa = PBXBuildFile; fileRef = 437A77291C4285BF00AD92C1 /* NSFileManager+CFMDocuments.m */; };
		F46BE1E51C81EA6E003004A6 /* NSFileManagerCFMCacheTests.m in Sources */ = {isa = PBXBuildFile; fileRef = F46BE1E31C81EA6E003004A6 /* NSFileManagerCFMCacheTests.m */; };
		F46BE1E71C81EA91003004A6 /* NSFileManagerCFMDocumentsTests.m in Sources */ = {isa = PBXBuildFile; fileRef = F46BE1E61C81EA91003004A6 /* NSFileManagerCFMDocumentsTests.m */; };
		F46BE1EC1C81F6E4003004A6 /* NSFileManager+CFMPersistence.m in Sources */ = {isa = PBXBuildFile; fileRef = F46BE1EB1C81F6E4003004A6 /* NSFileManager+CFMPersistence.m */; };
		F46BE1EE1C81F714003004A6 /* NSFileManagerCFMPersistenceTests.m in Sources */ = {isa = PBXBuildFile; fileRef = F46BE1ED1C81F714003004A6 /* NSFileManagerCFMPersistenceTests.m */; };
		F4C440421C81B35C004EDD6E /* libConvenientFileManager.a in Frameworks */ = {isa = PBXBuildFile; fileRef = 437A77181C42842700AD92C1 /* libConvenientFileManager.a */; };
/* End PBXBuildFile section */

/* Begin PBXContainerItemProxy section */
		F4C440431C81B35C004EDD6E /* PBXContainerItemProxy */ = {
			isa = PBXContainerItemProxy;
			containerPortal = 437A77101C42842700AD92C1 /* Project object */;
			proxyType = 1;
			remoteGlobalIDString = 437A77171C42842700AD92C1;
			remoteInfo = ConvenientFileManager;
		};
/* End PBXContainerItemProxy section */

/* Begin PBXCopyFilesBuildPhase section */
		437A77161C42842700AD92C1 /* CopyFiles */ = {
			isa = PBXCopyFilesBuildPhase;
			buildActionMask = 2147483647;
			dstPath = "include/$(PRODUCT_NAME)";
			dstSubfolderSpec = 16;
			files = (
			);
			runOnlyForDeploymentPostprocessing = 0;
		};
/* End PBXCopyFilesBuildPhase section */

/* Begin PBXFileReference section */
		437A77181C42842700AD92C1 /* libConvenientFileManager.a */ = {isa = PBXFileReference; explicitFileType = archive.ar; includeInIndex = 0; path = libConvenientFileManager.a; sourceTree = BUILT_PRODUCTS_DIR; };
		437A77251C4285BF00AD92C1 /* NSFileManager+CFMCache.h */ = {isa = PBXFileReference; fileEncoding = 4; lastKnownFileType = sourcecode.c.h; path = "NSFileManager+CFMCache.h"; sourceTree = "<group>"; };
		437A77261C4285BF00AD92C1 /* NSFileManager+CFMCache.m */ = {isa = PBXFileReference; fileEncoding = 4; lastKnownFileType = sourcecode.c.objc; path = "NSFileManager+CFMCache.m"; sourceTree = "<group>"; };
		437A77281C4285BF00AD92C1 /* NSFileManager+CFMDocuments.h */ = {isa = PBXFileReference; fileEncoding = 4; lastKnownFileType = sourcecode.c.h; path = "NSFileManager+CFMDocuments.h"; sourceTree = "<group>"; };
		437A77291C4285BF00AD92C1 /* NSFileManager+CFMDocuments.m */ = {isa = PBXFileReference; fileEncoding = 4; lastKnownFileType = sourcecode.c.objc; path = "NSFileManager+CFMDocuments.m"; sourceTree = "<group>"; };
		F46BE1E31C81EA6E003004A6 /* NSFileManagerCFMCacheTests.m */ = {isa = PBXFileReference; fileEncoding = 4; lastKnownFileType = sourcecode.c.objc; path = NSFileManagerCFMCacheTests.m; sourceTree = "<group>"; };
		F46BE1E61C81EA91003004A6 /* NSFileManagerCFMDocumentsTests.m */ = {isa = PBXFileReference; fileEncoding = 4; lastKnownFileType = sourcecode.c.objc; path = NSFileManagerCFMDocumentsTests.m; sourceTree = "<group>"; };
		F46BE1EA1C81F6E4003004A6 /* NSFileManager+CFMPersistence.h */ = {isa = PBXFileReference; fileEncoding = 4; lastKnownFileType = sourcecode.c.h; path = "NSFileManager+CFMPersistence.h"; sourceTree = "<group>"; };
		F46BE1EB1C81F6E4003004A6 /* NSFileManager+CFMPersistence.m */ = {isa = PBXFileReference; fileEncoding = 4; lastKnownFileType = sourcecode.c.objc; path = "NSFileManager+CFMPersistence.m"; sourceTree = "<group>"; };
		F46BE1ED1C81F714003004A6 /* NSFileManagerCFMPersistenceTests.m */ = {isa = PBXFileReference; fileEncoding = 4; lastKnownFileType = sourcecode.c.objc; path = NSFileManagerCFMPersistenceTests.m; sourceTree = "<group>"; };
		F4C4403D1C81B35C004EDD6E /* ConvenientFileManagerTests.xctest */ = {isa = PBXFileReference; explicitFileType = wrapper.cfbundle; includeInIndex = 0; path = ConvenientFileManagerTests.xctest; sourceTree = BUILT_PRODUCTS_DIR; };
		F4C440411C81B35C004EDD6E /* Info.plist */ = {isa = PBXFileReference; lastKnownFileType = text.plist.xml; path = Info.plist; sourceTree = "<group>"; };
/* End PBXFileReference section */

/* Begin PBXFrameworksBuildPhase section */
		437A77151C42842700AD92C1 /* Frameworks */ = {
			isa = PBXFrameworksBuildPhase;
			buildActionMask = 2147483647;
			files = (
			);
			runOnlyForDeploymentPostprocessing = 0;
		};
		F4C4403A1C81B35C004EDD6E /* Frameworks */ = {
			isa = PBXFrameworksBuildPhase;
			buildActionMask = 2147483647;
			files = (
				F4C440421C81B35C004EDD6E /* libConvenientFileManager.a in Frameworks */,
			);
			runOnlyForDeploymentPostprocessing = 0;
		};
/* End PBXFrameworksBuildPhase section */

/* Begin PBXGroup section */
		437A770F1C42842700AD92C1 = {
			isa = PBXGroup;
			children = (
				437A771A1C42842700AD92C1 /* ConvenientFileManager */,
				F4C4403E1C81B35C004EDD6E /* ConvenientFileManagerTests */,
				437A77191C42842700AD92C1 /* Products */,
			);
			sourceTree = "<group>";
		};
		437A77191C42842700AD92C1 /* Products */ = {
			isa = PBXGroup;
			children = (
				437A77181C42842700AD92C1 /* libConvenientFileManager.a */,
				F4C4403D1C81B35C004EDD6E /* ConvenientFileManagerTests.xctest */,
			);
			name = Products;
			sourceTree = "<group>";
		};
		437A771A1C42842700AD92C1 /* ConvenientFileManager */ = {
			isa = PBXGroup;
			children = (
				437A77241C4285BF00AD92C1 /* Cache */,
				437A77271C4285BF00AD92C1 /* Documents */,
				F46BE1E91C81F6E4003004A6 /* Persistence */,
			);
			path = ConvenientFileManager;
			sourceTree = "<group>";
		};
		437A77241C4285BF00AD92C1 /* Cache */ = {
			isa = PBXGroup;
			children = (
				437A77251C4285BF00AD92C1 /* NSFileManager+CFMCache.h */,
				437A77261C4285BF00AD92C1 /* NSFileManager+CFMCache.m */,
			);
			path = Cache;
			sourceTree = "<group>";
		};
		437A77271C4285BF00AD92C1 /* Documents */ = {
			isa = PBXGroup;
			children = (
				437A77281C4285BF00AD92C1 /* NSFileManager+CFMDocuments.h */,
				437A77291C4285BF00AD92C1 /* NSFileManager+CFMDocuments.m */,
			);
			path = Documents;
			sourceTree = "<group>";
		};
		F46BE1E11C81EA6E003004A6 /* Tests */ = {
			isa = PBXGroup;
			children = (
				F46BE1E21C81EA6E003004A6 /* Cache */,
				F46BE1E41C81EA6E003004A6 /* Documents */,
				F46BE1E81C81F6CF003004A6 /* Persistence */,
			);
			path = Tests;
			sourceTree = "<group>";
		};
		F46BE1E21C81EA6E003004A6 /* Cache */ = {
			isa = PBXGroup;
			children = (
				F46BE1E31C81EA6E003004A6 /* NSFileManagerCFMCacheTests.m */,
			);
			path = Cache;
			sourceTree = "<group>";
		};
		F46BE1E41C81EA6E003004A6 /* Documents */ = {
			isa = PBXGroup;
			children = (
				F46BE1E61C81EA91003004A6 /* NSFileManagerCFMDocumentsTests.m */,
			);
			path = Documents;
			sourceTree = "<group>";
		};
		F46BE1E81C81F6CF003004A6 /* Persistence */ = {
			isa = PBXGroup;
			children = (
				F46BE1ED1C81F714003004A6 /* NSFileManagerCFMPersistenceTests.m */,
			);
			path = Persistence;
			sourceTree = "<group>";
		};
		F46BE1E91C81F6E4003004A6 /* Persistence */ = {
			isa = PBXGroup;
			children = (
				F46BE1EA1C81F6E4003004A6 /* NSFileManager+CFMPersistence.h */,
				F46BE1EB1C81F6E4003004A6 /* NSFileManager+CFMPersistence.m */,
			);
			path = Persistence;
			sourceTree = "<group>";
		};
		F4C4403E1C81B35C004EDD6E /* ConvenientFileManagerTests */ = {
			isa = PBXGroup;
			children = (
				F46BE1E11C81EA6E003004A6 /* Tests */,
				F4C440411C81B35C004EDD6E /* Info.plist */,
			);
			path = ConvenientFileManagerTests;
			sourceTree = "<group>";
		};
/* End PBXGroup section */

/* Begin PBXNativeTarget section */
		437A77171C42842700AD92C1 /* ConvenientFileManager */ = {
			isa = PBXNativeTarget;
			buildConfigurationList = 437A77211C42842700AD92C1 /* Build configuration list for PBXNativeTarget "ConvenientFileManager" */;
			buildPhases = (
				437A77141C42842700AD92C1 /* Sources */,
				437A77151C42842700AD92C1 /* Frameworks */,
				437A77161C42842700AD92C1 /* CopyFiles */,
			);
			buildRules = (
			);
			dependencies = (
			);
			name = ConvenientFileManager;
			productName = ConvenientFileManager;
			productReference = 437A77181C42842700AD92C1 /* libConvenientFileManager.a */;
			productType = "com.apple.product-type.library.static";
		};
		F4C4403C1C81B35C004EDD6E /* ConvenientFileManagerTests */ = {
			isa = PBXNativeTarget;
			buildConfigurationList = F4C440471C81B35C004EDD6E /* Build configuration list for PBXNativeTarget "ConvenientFileManagerTests" */;
			buildPhases = (
				F4C440391C81B35C004EDD6E /* Sources */,
				F4C4403A1C81B35C004EDD6E /* Frameworks */,
				F4C4403B1C81B35C004EDD6E /* Resources */,
			);
			buildRules = (
			);
			dependencies = (
				F4C440441C81B35C004EDD6E /* PBXTargetDependency */,
			);
			name = ConvenientFileManagerTests;
			productName = ConvenientFileManagerTests;
			productReference = F4C4403D1C81B35C004EDD6E /* ConvenientFileManagerTests.xctest */;
			productType = "com.apple.product-type.bundle.unit-test";
		};
/* End PBXNativeTarget section */

/* Begin PBXProject section */
		437A77101C42842700AD92C1 /* Project object */ = {
			isa = PBXProject;
			attributes = {
				CLASSPREFIX = CFM;
				LastUpgradeCheck = 0720;
				ORGANIZATIONNAME = Boles;
				TargetAttributes = {
					437A77171C42842700AD92C1 = {
						CreatedOnToolsVersion = 7.2;
					};
					F4C4403C1C81B35C004EDD6E = {
						CreatedOnToolsVersion = 7.2.1;
					};
				};
			};
			buildConfigurationList = 437A77131C42842700AD92C1 /* Build configuration list for PBXProject "ConvenientFileManager" */;
			compatibilityVersion = "Xcode 3.2";
			developmentRegion = English;
			hasScannedForEncodings = 0;
			knownRegions = (
				en,
			);
			mainGroup = 437A770F1C42842700AD92C1;
			productRefGroup = 437A77191C42842700AD92C1 /* Products */;
			projectDirPath = "";
			projectRoot = "";
			targets = (
				437A77171C42842700AD92C1 /* ConvenientFileManager */,
				F4C4403C1C81B35C004EDD6E /* ConvenientFileManagerTests */,
			);
		};
/* End PBXProject section */

/* Begin PBXResourcesBuildPhase section */
		F4C4403B1C81B35C004EDD6E /* Resources */ = {
			isa = PBXResourcesBuildPhase;
			buildActionMask = 2147483647;
			files = (
			);
			runOnlyForDeploymentPostprocessing = 0;
		};
/* End PBXResourcesBuildPhase section */

/* Begin PBXSourcesBuildPhase section */
		437A77141C42842700AD92C1 /* Sources */ = {
			isa = PBXSourcesBuildPhase;
			buildActionMask = 2147483647;
			files = (
				437A772E1C4285BF00AD92C1 /* NSFileManager+CFMDocuments.m in Sources */,
				437A772D1C4285BF00AD92C1 /* NSFileManager+CFMCache.m in Sources */,
			);
			runOnlyForDeploymentPostprocessing = 0;
		};
		F4C440391C81B35C004EDD6E /* Sources */ = {
			isa = PBXSourcesBuildPhase;
			buildActionMask = 2147483647;
			files = (
				F46BE1E51C81EA6E003004A6 /* NSFileManagerCFMCacheTests.m in Sources */,
				F46BE1EE1C81F714003004A6 /* NSFileManagerCFMPersistenceTests.m in Sources */,
				F46BE1DE1C81B54A003004A6 /* NSFileManager+CFMCache.m in Sources */,
				F46BE1DF1C81B7AA003004A6 /* NSFileManager+CFMDocuments.m in Sources */,
				F46BE1E71C81EA91003004A6 /* NSFileManagerCFMDocumentsTests.m in Sources */,
				F46BE1EC1C81F6E4003004A6 /* NSFileManager+CFMPersistence.m in Sources */,
			);
			runOnlyForDeploymentPostprocessing = 0;
		};
/* End PBXSourcesBuildPhase section */

/* Begin PBXTargetDependency section */
		F4C440441C81B35C004EDD6E /* PBXTargetDependency */ = {
			isa = PBXTargetDependency;
			target = 437A77171C42842700AD92C1 /* ConvenientFileManager */;
			targetProxy = F4C440431C81B35C004EDD6E /* PBXContainerItemProxy */;
		};
/* End PBXTargetDependency section */

/* Begin XCBuildConfiguration section */
		437A771F1C42842700AD92C1 /* Debug */ = {
			isa = XCBuildConfiguration;
			buildSettings = {
				ALWAYS_SEARCH_USER_PATHS = NO;
				CLANG_CXX_LANGUAGE_STANDARD = "gnu++0x";
				CLANG_CXX_LIBRARY = "libc++";
				CLANG_ENABLE_MODULES = YES;
				CLANG_ENABLE_OBJC_ARC = YES;
				CLANG_WARN_BOOL_CONVERSION = YES;
				CLANG_WARN_CONSTANT_CONVERSION = YES;
				CLANG_WARN_DIRECT_OBJC_ISA_USAGE = YES_ERROR;
				CLANG_WARN_EMPTY_BODY = YES;
				CLANG_WARN_ENUM_CONVERSION = YES;
				CLANG_WARN_INT_CONVERSION = YES;
				CLANG_WARN_OBJC_ROOT_CLASS = YES_ERROR;
				CLANG_WARN_UNREACHABLE_CODE = YES;
				CLANG_WARN__DUPLICATE_METHOD_MATCH = YES;
				"CODE_SIGN_IDENTITY[sdk=iphoneos*]" = "iPhone Developer";
				COPY_PHASE_STRIP = NO;
				DEBUG_INFORMATION_FORMAT = dwarf;
				ENABLE_STRICT_OBJC_MSGSEND = YES;
				ENABLE_TESTABILITY = YES;
				GCC_C_LANGUAGE_STANDARD = gnu99;
				GCC_DYNAMIC_NO_PIC = NO;
				GCC_NO_COMMON_BLOCKS = YES;
				GCC_OPTIMIZATION_LEVEL = 0;
				GCC_PREPROCESSOR_DEFINITIONS = (
					"DEBUG=1",
					"$(inherited)",
				);
				GCC_WARN_64_TO_32_BIT_CONVERSION = YES;
				GCC_WARN_ABOUT_RETURN_TYPE = YES_ERROR;
				GCC_WARN_UNDECLARED_SELECTOR = YES;
				GCC_WARN_UNINITIALIZED_AUTOS = YES_AGGRESSIVE;
				GCC_WARN_UNUSED_FUNCTION = YES;
				GCC_WARN_UNUSED_VARIABLE = YES;
				IPHONEOS_DEPLOYMENT_TARGET = 9.2;
				MTL_ENABLE_DEBUG_INFO = YES;
				ONLY_ACTIVE_ARCH = YES;
				OTHER_LDFLAGS = "-ObjC";
				SDKROOT = iphoneos;
			};
			name = Debug;
		};
		437A77201C42842700AD92C1 /* Release */ = {
			isa = XCBuildConfiguration;
			buildSettings = {
				ALWAYS_SEARCH_USER_PATHS = NO;
				CLANG_CXX_LANGUAGE_STANDARD = "gnu++0x";
				CLANG_CXX_LIBRARY = "libc++";
				CLANG_ENABLE_MODULES = YES;
				CLANG_ENABLE_OBJC_ARC = YES;
				CLANG_WARN_BOOL_CONVERSION = YES;
				CLANG_WARN_CONSTANT_CONVERSION = YES;
				CLANG_WARN_DIRECT_OBJC_ISA_USAGE = YES_ERROR;
				CLANG_WARN_EMPTY_BODY = YES;
				CLANG_WARN_ENUM_CONVERSION = YES;
				CLANG_WARN_INT_CONVERSION = YES;
				CLANG_WARN_OBJC_ROOT_CLASS = YES_ERROR;
				CLANG_WARN_UNREACHABLE_CODE = YES;
				CLANG_WARN__DUPLICATE_METHOD_MATCH = YES;
				"CODE_SIGN_IDENTITY[sdk=iphoneos*]" = "iPhone Developer";
				COPY_PHASE_STRIP = NO;
				DEBUG_INFORMATION_FORMAT = "dwarf-with-dsym";
				ENABLE_NS_ASSERTIONS = NO;
				ENABLE_STRICT_OBJC_MSGSEND = YES;
				GCC_C_LANGUAGE_STANDARD = gnu99;
				GCC_NO_COMMON_BLOCKS = YES;
				GCC_WARN_64_TO_32_BIT_CONVERSION = YES;
				GCC_WARN_ABOUT_RETURN_TYPE = YES_ERROR;
				GCC_WARN_UNDECLARED_SELECTOR = YES;
				GCC_WARN_UNINITIALIZED_AUTOS = YES_AGGRESSIVE;
				GCC_WARN_UNUSED_FUNCTION = YES;
				GCC_WARN_UNUSED_VARIABLE = YES;
				IPHONEOS_DEPLOYMENT_TARGET = 9.2;
				MTL_ENABLE_DEBUG_INFO = NO;
				OTHER_LDFLAGS = "-ObjC";
				SDKROOT = iphoneos;
				VALIDATE_PRODUCT = YES;
			};
			name = Release;
		};
		437A77221C42842700AD92C1 /* Debug */ = {
			isa = XCBuildConfiguration;
			buildSettings = {
				OTHER_LDFLAGS = "-ObjC";
				PRODUCT_NAME = "$(TARGET_NAME)";
				SKIP_INSTALL = YES;
			};
			name = Debug;
		};
		437A77231C42842700AD92C1 /* Release */ = {
			isa = XCBuildConfiguration;
			buildSettings = {
				OTHER_LDFLAGS = "-ObjC";
				PRODUCT_NAME = "$(TARGET_NAME)";
				SKIP_INSTALL = YES;
			};
			name = Release;
		};
		F4C440451C81B35C004EDD6E /* Debug */ = {
			isa = XCBuildConfiguration;
			buildSettings = {
				INFOPLIST_FILE = ConvenientFileManagerTests/Info.plist;
				LD_RUNPATH_SEARCH_PATHS = "$(inherited) @executable_path/Frameworks @loader_path/Frameworks";
				OTHER_LDFLAGS = (
					"-ObjC",
					"-all_load",
				);
				PRODUCT_BUNDLE_IDENTIFIER = com.williamboles.paginationthrowawayexample.ConvenientFileManagerTests;
				PRODUCT_NAME = "$(TARGET_NAME)";
			};
			name = Debug;
		};
		F4C440461C81B35C004EDD6E /* Release */ = {
			isa = XCBuildConfiguration;
			buildSettings = {
				INFOPLIST_FILE = ConvenientFileManagerTests/Info.plist;
				LD_RUNPATH_SEARCH_PATHS = "$(inherited) @executable_path/Frameworks @loader_path/Frameworks";
				OTHER_LDFLAGS = (
					"-ObjC",
					"-all_load",
				);
				PRODUCT_BUNDLE_IDENTIFIER = com.williamboles.paginationthrowawayexample.ConvenientFileManagerTests;
				PRODUCT_NAME = "$(TARGET_NAME)";
			};
			name = Release;
		};
/* End XCBuildConfiguration section */

/* Begin XCConfigurationList section */
		437A77131C42842700AD92C1 /* Build configuration list for PBXProject "ConvenientFileManager" */ = {
			isa = XCConfigurationList;
			buildConfigurations = (
				437A771F1C42842700AD92C1 /* Debug */,
				437A77201C42842700AD92C1 /* Release */,
			);
			defaultConfigurationIsVisible = 0;
			defaultConfigurationName = Release;
		};
		437A77211C42842700AD92C1 /* Build configuration list for PBXNativeTarget "ConvenientFileManager" */ = {
			isa = XCConfigurationList;
			buildConfigurations = (
				437A77221C42842700AD92C1 /* Debug */,
				437A77231C42842700AD92C1 /* Release */,
			);
			defaultConfigurationIsVisible = 0;
			defaultConfigurationName = Release;
		};
		F4C440471C81B35C004EDD6E /* Build configuration list for PBXNativeTarget "ConvenientFileManagerTests" */ = {
			isa = XCConfigurationList;
			buildConfigurations = (
				F4C440451C81B35C004EDD6E /* Debug */,
				F4C440461C81B35C004EDD6E /* Release */,
			);
			defaultConfigurationIsVisible = 0;
			defaultConfigurationName = Release;
		};
/* End XCConfigurationList section */
	};
	rootObject = 437A77101C42842700AD92C1 /* Project object */;
}
