// !$*UTF8*$!
{
	archiveVersion = 1;
	classes = {
	};
	objectVersion = 46;
	objects = {

/* Begin PBXBuildFile section */
		2A32840C988283C2D39ABB7E /* Pods_iOSExample.framework in Frameworks */ = {isa = PBXBuildFile; fileRef = DE4CCD3FAEBE6D9878C1D1D9 /* Pods_iOSExample.framework */; };
		F4501C971C4BD6D6007DDBF6 /* iOSExampleTests.m in Sources */ = {isa = PBXBuildFile; fileRef = F4501C961C4BD6D6007DDBF6 /* iOSExampleTests.m */; };
		F4501CA91C4BD93C007DDBF6 /* main.m in Sources */ = {isa = PBXBuildFile; fileRef = F4501CA71C4BD93C007DDBF6 /* main.m */; };
		F4501CC51C4BD9F1007DDBF6 /* Assets.xcassets in Resources */ = {isa = PBXBuildFile; fileRef = F4501CBF1C4BD9F1007DDBF6 /* Assets.xcassets */; };
		F4501CC61C4BD9F1007DDBF6 /* LaunchScreen.storyboard in Resources */ = {isa = PBXBuildFile; fileRef = F4501CC11C4BD9F1007DDBF6 /* LaunchScreen.storyboard */; };
		F4501CCE1C4BDCAA007DDBF6 /* CFEAppDelegate.m in Sources */ = {isa = PBXBuildFile; fileRef = F4501CCD1C4BDCAA007DDBF6 /* CFEAppDelegate.m */; };
		F4501CD11C4BDCDD007DDBF6 /* Model.xcdatamodeld in Sources */ = {isa = PBXBuildFile; fileRef = F4501CCF1C4BDCDD007DDBF6 /* Model.xcdatamodeld */; };
		F4501CE81C4BDEF8007DDBF6 /* CFEMedia.m in Sources */ = {isa = PBXBuildFile; fileRef = F4501CE61C4BDEF8007DDBF6 /* CFEMedia.m */; };
		F4501CEB1C4BE015007DDBF6 /* CFEMedia+CoreDataProperties.m in Sources */ = {isa = PBXBuildFile; fileRef = F4501CEA1C4BE015007DDBF6 /* CFEMedia+CoreDataProperties.m */; };
		F4501CF51C4BE245007DDBF6 /* CFEListViewController.m in Sources */ = {isa = PBXBuildFile; fileRef = F4501CF21C4BE245007DDBF6 /* CFEListViewController.m */; };
		F4501CFC1C4BF911007DDBF6 /* CFEMediaTableViewCell.m in Sources */ = {isa = PBXBuildFile; fileRef = F4501CFB1C4BF911007DDBF6 /* CFEMediaTableViewCell.m */; };
		F4501D001C4BFD7D007DDBF6 /* CFEMediaViewController.m in Sources */ = {isa = PBXBuildFile; fileRef = F4501CFF1C4BFD7D007DDBF6 /* CFEMediaViewController.m */; };
/* End PBXBuildFile section */

/* Begin PBXContainerItemProxy section */
		F4501C931C4BD6D6007DDBF6 /* PBXContainerItemProxy */ = {
			isa = PBXContainerItemProxy;
			containerPortal = F4501C6E1C4BD6D6007DDBF6 /* Project object */;
			proxyType = 1;
			remoteGlobalIDString = F4501C751C4BD6D6007DDBF6;
			remoteInfo = iOSExample;
		};
/* End PBXContainerItemProxy section */

/* Begin PBXFileReference section */
		14915385B7A421C7D0574B3B /* Pods-iOSExample.release.xcconfig */ = {isa = PBXFileReference; includeInIndex = 1; lastKnownFileType = text.xcconfig; name = "Pods-iOSExample.release.xcconfig"; path = "Pods/Target Support Files/Pods-iOSExample/Pods-iOSExample.release.xcconfig"; sourceTree = "<group>"; };
		2B7C8A4E9FEB0080A216241C /* Pods-iOSExample.debug.xcconfig */ = {isa = PBXFileReference; includeInIndex = 1; lastKnownFileType = text.xcconfig; name = "Pods-iOSExample.debug.xcconfig"; path = "Pods/Target Support Files/Pods-iOSExample/Pods-iOSExample.debug.xcconfig"; sourceTree = "<group>"; };
		5C894239A19D61FF59F42BEB /* Pods.framework */ = {isa = PBXFileReference; explicitFileType = wrapper.framework; includeInIndex = 0; path = Pods.framework; sourceTree = BUILT_PRODUCTS_DIR; };
		DE4CCD3FAEBE6D9878C1D1D9 /* Pods_iOSExample.framework */ = {isa = PBXFileReference; explicitFileType = wrapper.framework; includeInIndex = 0; path = Pods_iOSExample.framework; sourceTree = BUILT_PRODUCTS_DIR; };
		F4501C761C4BD6D6007DDBF6 /* iOSExample.app */ = {isa = PBXFileReference; explicitFileType = wrapper.application; includeInIndex = 0; path = iOSExample.app; sourceTree = BUILT_PRODUCTS_DIR; };
		F4501C921C4BD6D6007DDBF6 /* iOSExampleTests.xctest */ = {isa = PBXFileReference; explicitFileType = wrapper.cfbundle; includeInIndex = 0; path = iOSExampleTests.xctest; sourceTree = BUILT_PRODUCTS_DIR; };
		F4501C961C4BD6D6007DDBF6 /* iOSExampleTests.m */ = {isa = PBXFileReference; lastKnownFileType = sourcecode.c.objc; path = iOSExampleTests.m; sourceTree = "<group>"; };
		F4501C981C4BD6D6007DDBF6 /* Info.plist */ = {isa = PBXFileReference; lastKnownFileType = text.plist.xml; path = Info.plist; sourceTree = "<group>"; };
		F4501CA61C4BD93C007DDBF6 /* Info.plist */ = {isa = PBXFileReference; fileEncoding = 4; lastKnownFileType = text.plist.xml; path = Info.plist; sourceTree = "<group>"; };
		F4501CA71C4BD93C007DDBF6 /* main.m */ = {isa = PBXFileReference; fileEncoding = 4; lastKnownFileType = sourcecode.c.objc; path = main.m; sourceTree = "<group>"; };
		F4501CBF1C4BD9F1007DDBF6 /* Assets.xcassets */ = {isa = PBXFileReference; lastKnownFileType = folder.assetcatalog; path = Assets.xcassets; sourceTree = "<group>"; };
		F4501CC21C4BD9F1007DDBF6 /* Base */ = {isa = PBXFileReference; lastKnownFileType = file.storyboard; name = Base; path = Base.lproj/LaunchScreen.storyboard; sourceTree = "<group>"; };
		F4501CCC1C4BDCAA007DDBF6 /* CFEAppDelegate.h */ = {isa = PBXFileReference; fileEncoding = 4; lastKnownFileType = sourcecode.c.h; path = CFEAppDelegate.h; sourceTree = "<group>"; };
		F4501CCD1C4BDCAA007DDBF6 /* CFEAppDelegate.m */ = {isa = PBXFileReference; fileEncoding = 4; lastKnownFileType = sourcecode.c.objc; path = CFEAppDelegate.m; sourceTree = "<group>"; };
		F4501CD01C4BDCDD007DDBF6 /* Model.xcdatamodel */ = {isa = PBXFileReference; lastKnownFileType = wrapper.xcdatamodel; path = Model.xcdatamodel; sourceTree = "<group>"; };
		F4501CE51C4BDEF8007DDBF6 /* CFEMedia.h */ = {isa = PBXFileReference; fileEncoding = 4; lastKnownFileType = sourcecode.c.h; path = CFEMedia.h; sourceTree = "<group>"; };
		F4501CE61C4BDEF8007DDBF6 /* CFEMedia.m */ = {isa = PBXFileReference; fileEncoding = 4; lastKnownFileType = sourcecode.c.objc; path = CFEMedia.m; sourceTree = "<group>"; };
		F4501CE91C4BE015007DDBF6 /* CFEMedia+CoreDataProperties.h */ = {isa = PBXFileReference; fileEncoding = 4; lastKnownFileType = sourcecode.c.h; path = "CFEMedia+CoreDataProperties.h"; sourceTree = "<group>"; };
		F4501CEA1C4BE015007DDBF6 /* CFEMedia+CoreDataProperties.m */ = {isa = PBXFileReference; fileEncoding = 4; lastKnownFileType = sourcecode.c.objc; path = "CFEMedia+CoreDataProperties.m"; sourceTree = "<group>"; };
		F4501CF11C4BE245007DDBF6 /* CFEListViewController.h */ = {isa = PBXFileReference; fileEncoding = 4; lastKnownFileType = sourcecode.c.h; path = CFEListViewController.h; sourceTree = "<group>"; };
		F4501CF21C4BE245007DDBF6 /* CFEListViewController.m */ = {isa = PBXFileReference; fileEncoding = 4; lastKnownFileType = sourcecode.c.objc; path = CFEListViewController.m; sourceTree = "<group>"; };
		F4501CFA1C4BF911007DDBF6 /* CFEMediaTableViewCell.h */ = {isa = PBXFileReference; fileEncoding = 4; lastKnownFileType = sourcecode.c.h; path = CFEMediaTableViewCell.h; sourceTree = "<group>"; };
		F4501CFB1C4BF911007DDBF6 /* CFEMediaTableViewCell.m */ = {isa = PBXFileReference; fileEncoding = 4; lastKnownFileType = sourcecode.c.objc; path = CFEMediaTableViewCell.m; sourceTree = "<group>"; };
		F4501CFE1C4BFD7D007DDBF6 /* CFEMediaViewController.h */ = {isa = PBXFileReference; fileEncoding = 4; lastKnownFileType = sourcecode.c.h; path = CFEMediaViewController.h; sourceTree = "<group>"; };
		F4501CFF1C4BFD7D007DDBF6 /* CFEMediaViewController.m */ = {isa = PBXFileReference; fileEncoding = 4; lastKnownFileType = sourcecode.c.objc; path = CFEMediaViewController.m; sourceTree = "<group>"; };
/* End PBXFileReference section */

/* Begin PBXFrameworksBuildPhase section */
		F4501C731C4BD6D6007DDBF6 /* Frameworks */ = {
			isa = PBXFrameworksBuildPhase;
			buildActionMask = 2147483647;
			files = (
				2A32840C988283C2D39ABB7E /* Pods_iOSExample.framework in Frameworks */,
			);
			runOnlyForDeploymentPostprocessing = 0;
		};
		F4501C8F1C4BD6D6007DDBF6 /* Frameworks */ = {
			isa = PBXFrameworksBuildPhase;
			buildActionMask = 2147483647;
			files = (
			);
			runOnlyForDeploymentPostprocessing = 0;
		};
/* End PBXFrameworksBuildPhase section */

/* Begin PBXGroup section */
		51ECDD697305F6A10FFC3151 /* Frameworks */ = {
			isa = PBXGroup;
			children = (
				5C894239A19D61FF59F42BEB /* Pods.framework */,
				DE4CCD3FAEBE6D9878C1D1D9 /* Pods_iOSExample.framework */,
			);
			name = Frameworks;
			sourceTree = "<group>";
		};
		E947AECAA7054CF04AAA040D /* Pods */ = {
			isa = PBXGroup;
			children = (
				2B7C8A4E9FEB0080A216241C /* Pods-iOSExample.debug.xcconfig */,
				14915385B7A421C7D0574B3B /* Pods-iOSExample.release.xcconfig */,
			);
			name = Pods;
			sourceTree = "<group>";
		};
		F4501C6D1C4BD6D6007DDBF6 = {
			isa = PBXGroup;
			children = (
				F4501C781C4BD6D6007DDBF6 /* iOSExample */,
				F4501C951C4BD6D6007DDBF6 /* iOSExampleTests */,
				F4501C771C4BD6D6007DDBF6 /* Products */,
				51ECDD697305F6A10FFC3151 /* Frameworks */,
				E947AECAA7054CF04AAA040D /* Pods */,
			);
			sourceTree = "<group>";
		};
		F4501C771C4BD6D6007DDBF6 /* Products */ = {
			isa = PBXGroup;
			children = (
				F4501C761C4BD6D6007DDBF6 /* iOSExample.app */,
				F4501C921C4BD6D6007DDBF6 /* iOSExampleTests.xctest */,
			);
			name = Products;
			sourceTree = "<group>";
		};
		F4501C781C4BD6D6007DDBF6 /* iOSExample */ = {
			isa = PBXGroup;
			children = (
				F4501CCB1C4BDCAA007DDBF6 /* AppDelegate */,
				F4501CC81C4BDC98007DDBF6 /* Model */,
				F4501CBD1C4BD9F1007DDBF6 /* Resources */,
				F4501CA51C4BD93C007DDBF6 /* SupportingFiles */,
				F4501CAA1C4BD998007DDBF6 /* ViewControllers */,
			);
			path = iOSExample;
			sourceTree = "<group>";
		};
		F4501C951C4BD6D6007DDBF6 /* iOSExampleTests */ = {
			isa = PBXGroup;
			children = (
				F4501C961C4BD6D6007DDBF6 /* iOSExampleTests.m */,
				F4501C981C4BD6D6007DDBF6 /* Info.plist */,
			);
			path = iOSExampleTests;
			sourceTree = "<group>";
		};
		F4501CA51C4BD93C007DDBF6 /* SupportingFiles */ = {
			isa = PBXGroup;
			children = (
				F4501CA61C4BD93C007DDBF6 /* Info.plist */,
				F4501CA71C4BD93C007DDBF6 /* main.m */,
			);
			path = SupportingFiles;
			sourceTree = "<group>";
		};
		F4501CAA1C4BD998007DDBF6 /* ViewControllers */ = {
			isa = PBXGroup;
			children = (
				F4501CEC1C4BE245007DDBF6 /* List */,
				F4501CFD1C4BFD7D007DDBF6 /* Media */,
			);
			path = ViewControllers;
			sourceTree = "<group>";
		};
		F4501CBD1C4BD9F1007DDBF6 /* Resources */ = {
			isa = PBXGroup;
			children = (
				F4501CBE1C4BD9F1007DDBF6 /* Images */,
				F4501CC01C4BD9F1007DDBF6 /* Storyboards */,
			);
			path = Resources;
			sourceTree = "<group>";
		};
		F4501CBE1C4BD9F1007DDBF6 /* Images */ = {
			isa = PBXGroup;
			children = (
				F4501CBF1C4BD9F1007DDBF6 /* Assets.xcassets */,
			);
			path = Images;
			sourceTree = "<group>";
		};
		F4501CC01C4BD9F1007DDBF6 /* Storyboards */ = {
			isa = PBXGroup;
			children = (
				F4501CC11C4BD9F1007DDBF6 /* LaunchScreen.storyboard */,
			);
			path = Storyboards;
			sourceTree = "<group>";
		};
		F4501CC81C4BDC98007DDBF6 /* Model */ = {
			isa = PBXGroup;
			children = (
				F4501CC91C4BDC98007DDBF6 /* ManagedObjects */,
				F4501CCA1C4BDC98007DDBF6 /* Model */,
			);
			path = Model;
			sourceTree = "<group>";
		};
		F4501CC91C4BDC98007DDBF6 /* ManagedObjects */ = {
			isa = PBXGroup;
			children = (
				F4501CE51C4BDEF8007DDBF6 /* CFEMedia.h */,
				F4501CE61C4BDEF8007DDBF6 /* CFEMedia.m */,
				F4501CE91C4BE015007DDBF6 /* CFEMedia+CoreDataProperties.h */,
				F4501CEA1C4BE015007DDBF6 /* CFEMedia+CoreDataProperties.m */,
			);
			path = ManagedObjects;
			sourceTree = "<group>";
		};
		F4501CCA1C4BDC98007DDBF6 /* Model */ = {
			isa = PBXGroup;
			children = (
				F4501CCF1C4BDCDD007DDBF6 /* Model.xcdatamodeld */,
			);
			path = Model;
			sourceTree = "<group>";
		};
		F4501CCB1C4BDCAA007DDBF6 /* AppDelegate */ = {
			isa = PBXGroup;
			children = (
				F4501CCC1C4BDCAA007DDBF6 /* CFEAppDelegate.h */,
				F4501CCD1C4BDCAA007DDBF6 /* CFEAppDelegate.m */,
			);
			path = AppDelegate;
			sourceTree = "<group>";
		};
		F4501CEC1C4BE245007DDBF6 /* List */ = {
			isa = PBXGroup;
			children = (
				F4501CED1C4BE245007DDBF6 /* Cells */,
				F4501CF11C4BE245007DDBF6 /* CFEListViewController.h */,
				F4501CF21C4BE245007DDBF6 /* CFEListViewController.m */,
			);
			path = List;
			sourceTree = "<group>";
		};
		F4501CED1C4BE245007DDBF6 /* Cells */ = {
			isa = PBXGroup;
			children = (
				F4501CF91C4BF911007DDBF6 /* Media */,
			);
			path = Cells;
			sourceTree = "<group>";
		};
		F4501CF91C4BF911007DDBF6 /* Media */ = {
			isa = PBXGroup;
			children = (
				F4501CFA1C4BF911007DDBF6 /* CFEMediaTableViewCell.h */,
				F4501CFB1C4BF911007DDBF6 /* CFEMediaTableViewCell.m */,
			);
			path = Media;
			sourceTree = "<group>";
		};
		F4501CFD1C4BFD7D007DDBF6 /* Media */ = {
			isa = PBXGroup;
			children = (
				F4501CFE1C4BFD7D007DDBF6 /* CFEMediaViewController.h */,
				F4501CFF1C4BFD7D007DDBF6 /* CFEMediaViewController.m */,
			);
			path = Media;
			sourceTree = "<group>";
		};
/* End PBXGroup section */

/* Begin PBXNativeTarget section */
		F4501C751C4BD6D6007DDBF6 /* iOSExample */ = {
			isa = PBXNativeTarget;
			buildConfigurationList = F4501C9B1C4BD6D6007DDBF6 /* Build configuration list for PBXNativeTarget "iOSExample" */;
			buildPhases = (
				78104ABCA7F4D203D4E6046F /* [CP] Check Pods Manifest.lock */,
				F4501C721C4BD6D6007DDBF6 /* Sources */,
				F4501C731C4BD6D6007DDBF6 /* Frameworks */,
				F4501C741C4BD6D6007DDBF6 /* Resources */,
				CCB044654A10F57679E2B85E /* [CP] Embed Pods Frameworks */,
				255B593135AB7D1551F87980 /* [CP] Copy Pods Resources */,
			);
			buildRules = (
			);
			dependencies = (
			);
			name = iOSExample;
			productName = iOSExample;
			productReference = F4501C761C4BD6D6007DDBF6 /* iOSExample.app */;
			productType = "com.apple.product-type.application";
		};
		F4501C911C4BD6D6007DDBF6 /* iOSExampleTests */ = {
			isa = PBXNativeTarget;
			buildConfigurationList = F4501C9E1C4BD6D6007DDBF6 /* Build configuration list for PBXNativeTarget "iOSExampleTests" */;
			buildPhases = (
				F4501C8E1C4BD6D6007DDBF6 /* Sources */,
				F4501C8F1C4BD6D6007DDBF6 /* Frameworks */,
				F4501C901C4BD6D6007DDBF6 /* Resources */,
			);
			buildRules = (
			);
			dependencies = (
				F4501C941C4BD6D6007DDBF6 /* PBXTargetDependency */,
			);
			name = iOSExampleTests;
			productName = iOSExampleTests;
			productReference = F4501C921C4BD6D6007DDBF6 /* iOSExampleTests.xctest */;
			productType = "com.apple.product-type.bundle.unit-test";
		};
/* End PBXNativeTarget section */

/* Begin PBXProject section */
		F4501C6E1C4BD6D6007DDBF6 /* Project object */ = {
			isa = PBXProject;
			attributes = {
				CLASSPREFIX = CFE;
				LastUpgradeCheck = 0810;
				ORGANIZATIONNAME = Boles;
				TargetAttributes = {
					F4501C751C4BD6D6007DDBF6 = {
						CreatedOnToolsVersion = 7.2;
						LastSwiftMigration = 0810;
					};
					F4501C911C4BD6D6007DDBF6 = {
						CreatedOnToolsVersion = 7.2;
						TestTargetID = F4501C751C4BD6D6007DDBF6;
					};
				};
			};
			buildConfigurationList = F4501C711C4BD6D6007DDBF6 /* Build configuration list for PBXProject "iOSExample" */;
			compatibilityVersion = "Xcode 3.2";
			developmentRegion = English;
			hasScannedForEncodings = 0;
			knownRegions = (
				en,
				Base,
			);
			mainGroup = F4501C6D1C4BD6D6007DDBF6;
			productRefGroup = F4501C771C4BD6D6007DDBF6 /* Products */;
			projectDirPath = "";
			projectRoot = "";
			targets = (
				F4501C751C4BD6D6007DDBF6 /* iOSExample */,
				F4501C911C4BD6D6007DDBF6 /* iOSExampleTests */,
			);
		};
/* End PBXProject section */

/* Begin PBXResourcesBuildPhase section */
		F4501C741C4BD6D6007DDBF6 /* Resources */ = {
			isa = PBXResourcesBuildPhase;
			buildActionMask = 2147483647;
			files = (
				F4501CC61C4BD9F1007DDBF6 /* LaunchScreen.storyboard in Resources */,
				F4501CC51C4BD9F1007DDBF6 /* Assets.xcassets in Resources */,
			);
			runOnlyForDeploymentPostprocessing = 0;
		};
		F4501C901C4BD6D6007DDBF6 /* Resources */ = {
			isa = PBXResourcesBuildPhase;
			buildActionMask = 2147483647;
			files = (
			);
			runOnlyForDeploymentPostprocessing = 0;
		};
/* End PBXResourcesBuildPhase section */

/* Begin PBXShellScriptBuildPhase section */
		255B593135AB7D1551F87980 /* [CP] Copy Pods Resources */ = {
			isa = PBXShellScriptBuildPhase;
			buildActionMask = 2147483647;
			files = (
			);
			inputPaths = (
			);
			name = "[CP] Copy Pods Resources";
			outputPaths = (
			);
			runOnlyForDeploymentPostprocessing = 0;
			shellPath = /bin/sh;
			shellScript = "\"${SRCROOT}/Pods/Target Support Files/Pods-iOSExample/Pods-iOSExample-resources.sh\"\n";
			showEnvVarsInLog = 0;
		};
		78104ABCA7F4D203D4E6046F /* [CP] Check Pods Manifest.lock */ = {
			isa = PBXShellScriptBuildPhase;
			buildActionMask = 2147483647;
			files = (
			);
			inputPaths = (
			);
			name = "[CP] Check Pods Manifest.lock";
			outputPaths = (
			);
			runOnlyForDeploymentPostprocessing = 0;
			shellPath = /bin/sh;
			shellScript = "diff \"${PODS_ROOT}/../Podfile.lock\" \"${PODS_ROOT}/Manifest.lock\" > /dev/null\nif [ $? != 0 ] ; then\n    # print error to STDERR\n    echo \"error: The sandbox is not in sync with the Podfile.lock. Run 'pod install' or update your CocoaPods installation.\" >&2\n    exit 1\nfi\n";
			showEnvVarsInLog = 0;
		};
		CCB044654A10F57679E2B85E /* [CP] Embed Pods Frameworks */ = {
			isa = PBXShellScriptBuildPhase;
			buildActionMask = 2147483647;
			files = (
			);
			inputPaths = (
			);
			name = "[CP] Embed Pods Frameworks";
			outputPaths = (
			);
			runOnlyForDeploymentPostprocessing = 0;
			shellPath = /bin/sh;
			shellScript = "\"${SRCROOT}/Pods/Target Support Files/Pods-iOSExample/Pods-iOSExample-frameworks.sh\"\n";
			showEnvVarsInLog = 0;
		};
/* End PBXShellScriptBuildPhase section */

/* Begin PBXSourcesBuildPhase section */
		F4501C721C4BD6D6007DDBF6 /* Sources */ = {
			isa = PBXSourcesBuildPhase;
			buildActionMask = 2147483647;
			files = (
				F4501D001C4BFD7D007DDBF6 /* CFEMediaViewController.m in Sources */,
				F4501CF51C4BE245007DDBF6 /* CFEListViewController.m in Sources */,
				F4501CEB1C4BE015007DDBF6 /* CFEMedia+CoreDataProperties.m in Sources */,
				F4501CFC1C4BF911007DDBF6 /* CFEMediaTableViewCell.m in Sources */,
				F4501CE81C4BDEF8007DDBF6 /* CFEMedia.m in Sources */,
				F4501CA91C4BD93C007DDBF6 /* main.m in Sources */,
				F4501CCE1C4BDCAA007DDBF6 /* CFEAppDelegate.m in Sources */,
				F4501CD11C4BDCDD007DDBF6 /* Model.xcdatamodeld in Sources */,
			);
			runOnlyForDeploymentPostprocessing = 0;
		};
		F4501C8E1C4BD6D6007DDBF6 /* Sources */ = {
			isa = PBXSourcesBuildPhase;
			buildActionMask = 2147483647;
			files = (
				F4501C971C4BD6D6007DDBF6 /* iOSExampleTests.m in Sources */,
			);
			runOnlyForDeploymentPostprocessing = 0;
		};
/* End PBXSourcesBuildPhase section */

/* Begin PBXTargetDependency section */
		F4501C941C4BD6D6007DDBF6 /* PBXTargetDependency */ = {
			isa = PBXTargetDependency;
			target = F4501C751C4BD6D6007DDBF6 /* iOSExample */;
			targetProxy = F4501C931C4BD6D6007DDBF6 /* PBXContainerItemProxy */;
		};
/* End PBXTargetDependency section */

/* Begin PBXVariantGroup section */
		F4501CC11C4BD9F1007DDBF6 /* LaunchScreen.storyboard */ = {
			isa = PBXVariantGroup;
			children = (
				F4501CC21C4BD9F1007DDBF6 /* Base */,
			);
			name = LaunchScreen.storyboard;
			sourceTree = "<group>";
		};
/* End PBXVariantGroup section */

/* Begin XCBuildConfiguration section */
		F4501C991C4BD6D6007DDBF6 /* Debug */ = {
			isa = XCBuildConfiguration;
			buildSettings = {
				ALWAYS_SEARCH_USER_PATHS = NO;
				CLANG_CXX_LANGUAGE_STANDARD = "gnu++0x";
				CLANG_CXX_LIBRARY = "libc++";
				CLANG_ENABLE_MODULES = YES;
				CLANG_ENABLE_OBJC_ARC = YES;
				CLANG_WARN_BOOL_CONVERSION = YES;
				CLANG_WARN_CONSTANT_CONVERSION = YES;
				CLANG_WARN_DIRECT_OBJC_ISA_USAGE = YES_ERROR;
				CLANG_WARN_EMPTY_BODY = YES;
				CLANG_WARN_ENUM_CONVERSION = YES;
				CLANG_WARN_INFINITE_RECURSION = YES;
				CLANG_WARN_INT_CONVERSION = YES;
				CLANG_WARN_OBJC_ROOT_CLASS = YES_ERROR;
				CLANG_WARN_SUSPICIOUS_MOVE = YES;
				CLANG_WARN_UNREACHABLE_CODE = YES;
				CLANG_WARN__DUPLICATE_METHOD_MATCH = YES;
				"CODE_SIGN_IDENTITY[sdk=iphoneos*]" = "iPhone Developer";
				COPY_PHASE_STRIP = NO;
				DEBUG_INFORMATION_FORMAT = dwarf;
				ENABLE_STRICT_OBJC_MSGSEND = YES;
				ENABLE_TESTABILITY = YES;
				GCC_C_LANGUAGE_STANDARD = gnu99;
				GCC_DYNAMIC_NO_PIC = NO;
				GCC_NO_COMMON_BLOCKS = YES;
				GCC_OPTIMIZATION_LEVEL = 0;
				GCC_PREPROCESSOR_DEFINITIONS = (
					"DEBUG=1",
					"$(inherited)",
				);
				GCC_WARN_64_TO_32_BIT_CONVERSION = YES;
				GCC_WARN_ABOUT_RETURN_TYPE = YES_ERROR;
				GCC_WARN_UNDECLARED_SELECTOR = YES;
				GCC_WARN_UNINITIALIZED_AUTOS = YES_AGGRESSIVE;
				GCC_WARN_UNUSED_FUNCTION = YES;
				GCC_WARN_UNUSED_VARIABLE = YES;
				IPHONEOS_DEPLOYMENT_TARGET = 9.2;
				MTL_ENABLE_DEBUG_INFO = YES;
				ONLY_ACTIVE_ARCH = YES;
				SDKROOT = iphoneos;
				TARGETED_DEVICE_FAMILY = "1,2";
			};
			name = Debug;
		};
		F4501C9A1C4BD6D6007DDBF6 /* Release */ = {
			isa = XCBuildConfiguration;
			buildSettings = {
				ALWAYS_SEARCH_USER_PATHS = NO;
				CLANG_CXX_LANGUAGE_STANDARD = "gnu++0x";
				CLANG_CXX_LIBRARY = "libc++";
				CLANG_ENABLE_MODULES = YES;
				CLANG_ENABLE_OBJC_ARC = YES;
				CLANG_WARN_BOOL_CONVERSION = YES;
				CLANG_WARN_CONSTANT_CONVERSION = YES;
				CLANG_WARN_DIRECT_OBJC_ISA_USAGE = YES_ERROR;
				CLANG_WARN_EMPTY_BODY = YES;
				CLANG_WARN_ENUM_CONVERSION = YES;
				CLANG_WARN_INFINITE_RECURSION = YES;
				CLANG_WARN_INT_CONVERSION = YES;
				CLANG_WARN_OBJC_ROOT_CLASS = YES_ERROR;
				CLANG_WARN_SUSPICIOUS_MOVE = YES;
				CLANG_WARN_UNREACHABLE_CODE = YES;
				CLANG_WARN__DUPLICATE_METHOD_MATCH = YES;
				"CODE_SIGN_IDENTITY[sdk=iphoneos*]" = "iPhone Developer";
				COPY_PHASE_STRIP = NO;
				DEBUG_INFORMATION_FORMAT = "dwarf-with-dsym";
				ENABLE_NS_ASSERTIONS = NO;
				ENABLE_STRICT_OBJC_MSGSEND = YES;
				GCC_C_LANGUAGE_STANDARD = gnu99;
				GCC_NO_COMMON_BLOCKS = YES;
				GCC_WARN_64_TO_32_BIT_CONVERSION = YES;
				GCC_WARN_ABOUT_RETURN_TYPE = YES_ERROR;
				GCC_WARN_UNDECLARED_SELECTOR = YES;
				GCC_WARN_UNINITIALIZED_AUTOS = YES_AGGRESSIVE;
				GCC_WARN_UNUSED_FUNCTION = YES;
				GCC_WARN_UNUSED_VARIABLE = YES;
				IPHONEOS_DEPLOYMENT_TARGET = 9.2;
				MTL_ENABLE_DEBUG_INFO = NO;
				SDKROOT = iphoneos;
				TARGETED_DEVICE_FAMILY = "1,2";
				VALIDATE_PRODUCT = YES;
			};
			name = Release;
		};
		F4501C9C1C4BD6D6007DDBF6 /* Debug */ = {
			isa = XCBuildConfiguration;
			baseConfigurationReference = 2B7C8A4E9FEB0080A216241C /* Pods-iOSExample.debug.xcconfig */;
			buildSettings = {
				ALWAYS_EMBED_SWIFT_STANDARD_LIBRARIES = YES;
				ASSETCATALOG_COMPILER_APPICON_NAME = AppIcon;
				INFOPLIST_FILE = iOSExample/SupportingFiles/Info.plist;
				IPHONEOS_DEPLOYMENT_TARGET = 9.0;
				LD_RUNPATH_SEARCH_PATHS = "$(inherited) @executable_path/Frameworks";
				PRODUCT_BUNDLE_IDENTIFIER = com.williamboles.convenientfilemanager.iOSExample;
				PRODUCT_NAME = "$(TARGET_NAME)";
				SWIFT_VERSION = 2.3;
			};
			name = Debug;
		};
		F4501C9D1C4BD6D6007DDBF6 /* Release */ = {
			isa = XCBuildConfiguration;
			baseConfigurationReference = 14915385B7A421C7D0574B3B /* Pods-iOSExample.release.xcconfig */;
			buildSettings = {
				ALWAYS_EMBED_SWIFT_STANDARD_LIBRARIES = YES;
				ASSETCATALOG_COMPILER_APPICON_NAME = AppIcon;
				INFOPLIST_FILE = iOSExample/SupportingFiles/Info.plist;
				IPHONEOS_DEPLOYMENT_TARGET = 9.0;
				LD_RUNPATH_SEARCH_PATHS = "$(inherited) @executable_path/Frameworks";
				PRODUCT_BUNDLE_IDENTIFIER = com.williamboles.convenientfilemanager.iOSExample;
				PRODUCT_NAME = "$(TARGET_NAME)";
				SWIFT_VERSION = 2.3;
			};
			name = Release;
		};
		F4501C9F1C4BD6D6007DDBF6 /* Debug */ = {
			isa = XCBuildConfiguration;
			buildSettings = {
				BUNDLE_LOADER = "$(TEST_HOST)";
				INFOPLIST_FILE = iOSExampleTests/Info.plist;
				LD_RUNPATH_SEARCH_PATHS = "$(inherited) @executable_path/Frameworks @loader_path/Frameworks";
				PRODUCT_BUNDLE_IDENTIFIER = CFE.iOSExampleTests;
				PRODUCT_NAME = "$(TARGET_NAME)";
				TEST_HOST = "$(BUILT_PRODUCTS_DIR)/iOSExample.app/iOSExample";
			};
			name = Debug;
		};
		F4501CA01C4BD6D6007DDBF6 /* Release */ = {
			isa = XCBuildConfiguration;
			buildSettings = {
				BUNDLE_LOADER = "$(TEST_HOST)";
				INFOPLIST_FILE = iOSExampleTests/Info.plist;
				LD_RUNPATH_SEARCH_PATHS = "$(inherited) @executable_path/Frameworks @loader_path/Frameworks";
				PRODUCT_BUNDLE_IDENTIFIER = CFE.iOSExampleTests;
				PRODUCT_NAME = "$(TARGET_NAME)";
				TEST_HOST = "$(BUILT_PRODUCTS_DIR)/iOSExample.app/iOSExample";
			};
			name = Release;
		};
/* End XCBuildConfiguration section */

/* Begin XCConfigurationList section */
		F4501C711C4BD6D6007DDBF6 /* Build configuration list for PBXProject "iOSExample" */ = {
			isa = XCConfigurationList;
			buildConfigurations = (
				F4501C991C4BD6D6007DDBF6 /* Debug */,
				F4501C9A1C4BD6D6007DDBF6 /* Release */,
			);
			defaultConfigurationIsVisible = 0;
			defaultConfigurationName = Release;
		};
		F4501C9B1C4BD6D6007DDBF6 /* Build configuration list for PBXNativeTarget "iOSExample" */ = {
			isa = XCConfigurationList;
			buildConfigurations = (
				F4501C9C1C4BD6D6007DDBF6 /* Debug */,
				F4501C9D1C4BD6D6007DDBF6 /* Release */,
			);
			defaultConfigurationIsVisible = 0;
			defaultConfigurationName = Release;
		};
		F4501C9E1C4BD6D6007DDBF6 /* Build configuration list for PBXNativeTarget "iOSExampleTests" */ = {
			isa = XCConfigurationList;
			buildConfigurations = (
				F4501C9F1C4BD6D6007DDBF6 /* Debug */,
				F4501CA01C4BD6D6007DDBF6 /* Release */,
			);
			defaultConfigurationIsVisible = 0;
			defaultConfigurationName = Release;
		};
/* End XCConfigurationList section */

/* Begin XCVersionGroup section */
		F4501CCF1C4BDCDD007DDBF6 /* Model.xcdatamodeld */ = {
			isa = XCVersionGroup;
			children = (
				F4501CD01C4BDCDD007DDBF6 /* Model.xcdatamodel */,
			);
			currentVersion = F4501CD01C4BDCDD007DDBF6 /* Model.xcdatamodel */;
			path = Model.xcdatamodeld;
			sourceTree = "<group>";
			versionGroupType = wrapper.xcdatamodel;
		};
/* End XCVersionGroup section */
	};
	rootObject = F4501C6E1C4BD6D6007DDBF6 /* Project object */;
}
