PODS:
  - ConvenientFileManager (4.0.1)

DEPENDENCIES:
  - ConvenientFileManager (from `../../`)

EXTERNAL SOURCES:
  ConvenientFileManager:
    :path: ../../

SPEC CHECKSUMS:
  ConvenientFileManager: 4a6768a8697ffe1252c4f3b43158ed81dd52c253

PODFILE CHECKSUM: af79410213fadafba9952aafcab83662a370bd92

COCOAPODS: 1.2.1
