PODS:
  - ConvenientFileManager (2.0.8)
  - CoreDataServices (2.1.0):
    - ConvenientFileManager (~> 2.0)
  - PureLayout (3.0.2)

DEPENDENCIES:
  - ConvenientFileManager (= 2.0.8)
  - CoreDataServices
  - PureLayout

SPEC CHECKSUMS:
  ConvenientFileManager: f69cef84cf02f132a2b78076ac45982c048474e5
  CoreDataServices: 15c01d114cd4d753ee7d3fd27bf1662949991490
  PureLayout: 4d550abe49a94f24c2808b9b95db9131685fe4cd

PODFILE CHECKSUM: 50b1316504eba11c095bede85cb1961e8dc33652

COCOAPODS: 1.1.1
