PODS:
  - ConvenientFileManager (4.0.1)

DEPENDENCIES:
  - ConvenientFileManager (from `../../`)

EXTERNAL SOURCES:
  ConvenientFileManager:
    :path: ../../

SPEC CHECKSUMS:
  ConvenientFileManager: 4a6768a8697ffe1252c4f3b43158ed81dd52c253

PODFILE CHECKSUM: 365f249f12bd7f6a3bee19260f54a4bbfd7ee1f1

COCOAPODS: 1.2.1
